<?xml version="1.0" encoding="utf-8"?>
<Project ToolsVersion="4.0" xmlns="http://schemas.microsoft.com/developer/msbuild/2003">
  <ItemGroup>
    <Filter Include="Daedalus">
      <UniqueIdentifier>{8880E25A-744D-3D66-9D66-2B0E899272F4}</UniqueIdentifier>
    </Filter>
  </ItemGroup>
  <ItemGroup>
    <ClInclude Include="source\Daedalus.h" />
    <ClInclude Include="source\Daedalus\Application.h">
      <Filter>Daedalus</Filter>
    </ClInclude>
    <ClInclude Include="source\Daedalus\Core.h">
      <Filter>Daedalus</Filter>
    </ClInclude>
    <ClInclude Include="source\Daedalus\EntryPoint.h">
      <Filter>Daedalus</Filter>
    </ClInclude>
    <ClInclude Include="source\Daedalus\Log.h">
      <Filter>Daedalus</Filter>
    </ClInclude>
  </ItemGroup>
  <ItemGroup>
    <ClCompile Include="source\Daedalus\Application.cpp">
      <Filter>Daedalus</Filter>
    </ClCompile>
    <ClCompile Include="source\Daedalus\Log.cpp">
      <Filter>Daedalus</Filter>
    </ClCompile>
  </ItemGroup>
</Project>